github.com/janraasch/hugo-bearblog v0.0.0-20230315152638-5fc1e03a7af2 h1:MKUv1AnrxuavzDHD0M0+gw6G9Ti3wa+HYxF/AOydXUU=
github.com/janraasch/hugo-bearblog v0.0.0-20230315152638-5fc1e03a7af2/go.mod h1:qVJ3S3qhkRf6smf5f8vveeV/QX3ui8poHckF6Ykt9AU=
gitlab.com/hybras/hugo-asciinema v0.0.0-20230727174201-40c53f5d02a8 h1:w8hzFX48lShvKtDlwXNcgc7RvxCH+x/IqBVPmdNMw7g=
gitlab.com/hybras/hugo-asciinema v0.0.0-20230727174201-40c53f5d02a8/go.mod h1:5ybXvBEM+f/t09XYUDRBkPT0EE4pRoR9odINt5FywKc=
